hash: 15c2a37b37effa40858235c66db5e19123c84069718ce73ec750e775513ad9ff
updated: 2017-01-06T21:03:20.891066203+01:00
imports:
- name: github.com/blang/semver
  version: 60ec3488bfea7cca02b021d106d9911120d25fe9
- name: github.com/docopt/docopt-go
  version: 784ddc588536785e7299f7272f39101f7faccc3f
testImports: []
