hash: 7788feeb3c00585b5fe0581caee2822f3dc4d2b634501e8caf8dedd245f6bd0f
updated: 2017-01-10T11:35:48.866397051+01:00
imports:
- name: github.com/blang/semver
  version: 60ec3488bfea7cca02b021d106d9911120d25fe9
- name: github.com/docopt/docopt-go
  version: 784ddc588536785e7299f7272f39101f7faccc3f
- name: github.com/josa42/go-gitutils
  version: ed6c30ca284ee6ae69660235e8c7af8ac6bb6184
- name: github.com/josa42/go-stringutils
  version: e129a8b9917f96ed0f632e9c523c068e9d78c486
testImports: []
